❯ terraform apply

Terraform used the selected providers to generate the following execution plan. Resource actions are indicated with the following symbols:
  + create

Terraform will perform the following actions:

  # google_compute_firewall.allow_ssh will be created
  + resource "google_compute_firewall" "allow_ssh" {
      + creation_timestamp = (known after apply)
      + destination_ranges = (known after apply)
      + direction          = (known after apply)
      + enable_logging     = (known after apply)
      + id                 = (known after apply)
      + name               = (known after apply)
      + network            = "default"
      + priority           = 1000
      + project            = "skilled-adapter-452"
      + self_link          = (known after apply)
      + source_ranges      = [
          + "0.0.0.0/0",
        ]
      + target_tags        = [
          + "ssh",
        ]

      + allow {
          + ports    = [
              + "22",
            ]
          + protocol = "tcp"
        }
    }

  # google_compute_instance.scylla_loader[0] will be created
  + resource "google_compute_instance" "scylla_loader" {
      + can_ip_forward       = false
      + cpu_platform         = (known after apply)
      + current_status       = (known after apply)
      + deletion_protection  = false
      + effective_labels     = (known after apply)
      + guest_accelerator    = (known after apply)
      + id                   = (known after apply)
      + instance_id          = (known after apply)
      + label_fingerprint    = (known after apply)
      + machine_type         = "n2-highmem-2"
      + metadata             = {
          + "ssh-keys" = <<-EOT
                your-username:ssh-ed25519 AAAAC3NzaC1lZDI1NTE5AAAAIJXy/+j1gWf3UyEFUOzWS0oKE9HvUJfCnT9aZbxNlTRx faisal.saeed@scylladb.com
            EOT
        }
      + metadata_fingerprint = (known after apply)
      + min_cpu_platform     = "Intel Ice Lake"
      + name                 = "scylla-loader-01"
      + project              = "skilled-adapter-452"
      + self_link            = (known after apply)
      + tags                 = [
          + "alive",
          + "keep",
        ]
      + tags_fingerprint     = (known after apply)
      + terraform_labels     = (known after apply)
      + zone                 = "us-east1-b"

      + boot_disk {
          + auto_delete                = true
          + device_name                = (known after apply)
          + disk_encryption_key_sha256 = (known after apply)
          + kms_key_self_link          = (known after apply)
          + mode                       = "READ_WRITE"
          + source                     = (known after apply)

          + initialize_params {
              + image                  = "scylla-images/scylladb-enterprise-2024-1-2"
              + labels                 = (known after apply)
              + provisioned_iops       = (known after apply)
              + provisioned_throughput = (known after apply)
              + size                   = (known after apply)
              + type                   = (known after apply)
            }
        }

      + network_interface {
          + internal_ipv6_prefix_length = (known after apply)
          + ipv6_access_type            = (known after apply)
          + ipv6_address                = (known after apply)
          + name                        = (known after apply)
          + network                     = "default"
          + network_ip                  = (known after apply)
          + stack_type                  = (known after apply)
          + subnetwork                  = (known after apply)
          + subnetwork_project          = (known after apply)

          + access_config {
              + nat_ip       = (known after apply)
              + network_tier = (known after apply)
            }
        }

      + scratch_disk {
          + device_name = (known after apply)
          + interface   = "NVME"
          + size        = 375
        }
    }

  # google_compute_instance.scylla_loader[1] will be created
  + resource "google_compute_instance" "scylla_loader" {
      + can_ip_forward       = false
      + cpu_platform         = (known after apply)
      + current_status       = (known after apply)
      + deletion_protection  = false
      + effective_labels     = (known after apply)
      + guest_accelerator    = (known after apply)
      + id                   = (known after apply)
      + instance_id          = (known after apply)
      + label_fingerprint    = (known after apply)
      + machine_type         = "n2-highmem-2"
      + metadata             = {
          + "ssh-keys" = <<-EOT
                your-username:ssh-ed25519 AAAAC3NzaC1lZDI1NTE5AAAAIJXy/+j1gWf3UyEFUOzWS0oKE9HvUJfCnT9aZbxNlTRx faisal.saeed@scylladb.com
            EOT
        }
      + metadata_fingerprint = (known after apply)
      + min_cpu_platform     = "Intel Ice Lake"
      + name                 = "scylla-loader-02"
      + project              = "skilled-adapter-452"
      + self_link            = (known after apply)
      + tags                 = [
          + "alive",
          + "keep",
        ]
      + tags_fingerprint     = (known after apply)
      + terraform_labels     = (known after apply)
      + zone                 = "us-east1-b"

      + boot_disk {
          + auto_delete                = true
          + device_name                = (known after apply)
          + disk_encryption_key_sha256 = (known after apply)
          + kms_key_self_link          = (known after apply)
          + mode                       = "READ_WRITE"
          + source                     = (known after apply)

          + initialize_params {
              + image                  = "scylla-images/scylladb-enterprise-2024-1-2"
              + labels                 = (known after apply)
              + provisioned_iops       = (known after apply)
              + provisioned_throughput = (known after apply)
              + size                   = (known after apply)
              + type                   = (known after apply)
            }
        }

      + network_interface {
          + internal_ipv6_prefix_length = (known after apply)
          + ipv6_access_type            = (known after apply)
          + ipv6_address                = (known after apply)
          + name                        = (known after apply)
          + network                     = "default"
          + network_ip                  = (known after apply)
          + stack_type                  = (known after apply)
          + subnetwork                  = (known after apply)
          + subnetwork_project          = (known after apply)

          + access_config {
              + nat_ip       = (known after apply)
              + network_tier = (known after apply)
            }
        }

      + scratch_disk {
          + device_name = (known after apply)
          + interface   = "NVME"
          + size        = 375
        }
    }

  # google_compute_instance.scylla_loader[2] will be created
  + resource "google_compute_instance" "scylla_loader" {
      + can_ip_forward       = false
      + cpu_platform         = (known after apply)
      + current_status       = (known after apply)
      + deletion_protection  = false
      + effective_labels     = (known after apply)
      + guest_accelerator    = (known after apply)
      + id                   = (known after apply)
      + instance_id          = (known after apply)
      + label_fingerprint    = (known after apply)
      + machine_type         = "n2-highmem-2"
      + metadata             = {
          + "ssh-keys" = <<-EOT
                your-username:ssh-ed25519 AAAAC3NzaC1lZDI1NTE5AAAAIJXy/+j1gWf3UyEFUOzWS0oKE9HvUJfCnT9aZbxNlTRx faisal.saeed@scylladb.com
            EOT
        }
      + metadata_fingerprint = (known after apply)
      + min_cpu_platform     = "Intel Ice Lake"
      + name                 = "scylla-loader-03"
      + project              = "skilled-adapter-452"
      + self_link            = (known after apply)
      + tags                 = [
          + "alive",
          + "keep",
        ]
      + tags_fingerprint     = (known after apply)
      + terraform_labels     = (known after apply)
      + zone                 = "us-east1-b"

      + boot_disk {
          + auto_delete                = true
          + device_name                = (known after apply)
          + disk_encryption_key_sha256 = (known after apply)
          + kms_key_self_link          = (known after apply)
          + mode                       = "READ_WRITE"
          + source                     = (known after apply)

          + initialize_params {
              + image                  = "scylla-images/scylladb-enterprise-2024-1-2"
              + labels                 = (known after apply)
              + provisioned_iops       = (known after apply)
              + provisioned_throughput = (known after apply)
              + size                   = (known after apply)
              + type                   = (known after apply)
            }
        }

      + network_interface {
          + internal_ipv6_prefix_length = (known after apply)
          + ipv6_access_type            = (known after apply)
          + ipv6_address                = (known after apply)
          + name                        = (known after apply)
          + network                     = "default"
          + network_ip                  = (known after apply)
          + stack_type                  = (known after apply)
          + subnetwork                  = (known after apply)
          + subnetwork_project          = (known after apply)

          + access_config {
              + nat_ip       = (known after apply)
              + network_tier = (known after apply)
            }
        }

      + scratch_disk {
          + device_name = (known after apply)
          + interface   = "NVME"
          + size        = 375
        }
    }

  # random_id.firewall_suffix will be created
  + resource "random_id" "firewall_suffix" {
      + b64_std     = (known after apply)
      + b64_url     = (known after apply)
      + byte_length = 2
      + dec         = (known after apply)
      + hex         = (known after apply)
      + id          = (known after apply)
    }

Plan: 5 to add, 0 to change, 0 to destroy.

Do you want to perform these actions?
  Terraform will perform the actions described above.
  Only 'yes' will be accepted to approve.

  Enter a value: yes

random_id.firewall_suffix: Creating...
random_id.firewall_suffix: Creation complete after 0s [id=vu8]
google_compute_firewall.allow_ssh: Creating...
google_compute_instance.scylla_loader[0]: Creating...
google_compute_instance.scylla_loader[1]: Creating...
google_compute_instance.scylla_loader[2]: Creating...
google_compute_firewall.allow_ssh: Still creating... [10s elapsed]
google_compute_instance.scylla_loader[1]: Still creating... [10s elapsed]
google_compute_instance.scylla_loader[0]: Still creating... [10s elapsed]
google_compute_instance.scylla_loader[2]: Still creating... [10s elapsed]
google_compute_firewall.allow_ssh: Creation complete after 12s [id=projects/skilled-adapter-452/global/firewalls/allow-ssh-beef]
google_compute_instance.scylla_loader[1]: Creation complete after 18s [id=projects/skilled-adapter-452/zones/us-east1-b/instances/scylla-loader-02]
google_compute_instance.scylla_loader[2]: Creation complete after 18s [id=projects/skilled-adapter-452/zones/us-east1-b/instances/scylla-loader-03]
google_compute_instance.scylla_loader[0]: Creation complete after 19s [id=projects/skilled-adapter-452/zones/us-east1-b/instances/scylla-loader-01]

Apply complete! Resources: 5 added, 0 changed, 0 destroyed.

